// !$*UTF8*$!
{
	archiveVersion = 1;
	classes = {
	};
	objectVersion = 50;
	objects = {

/* Begin PBXBuildFile section */
		1E881328206B1B60006DFB84 /* AppDelegate.swift in Sources */ = {isa = PBXBuildFile; fileRef = 1E881327206B1B60006DFB84 /* AppDelegate.swift */; };
		1E88132A206B1B60006DFB84 /* ViewController.swift in Sources */ = {isa = PBXBuildFile; fileRef = 1E881329206B1B60006DFB84 /* ViewController.swift */; };
		1E88132C206B1B61006DFB84 /* Assets.xcassets in Resources */ = {isa = PBXBuildFile; fileRef = 1E88132B206B1B61006DFB84 /* Assets.xcassets */; };
		1E88132F206B1B61006DFB84 /* Main.storyboard in Resources */ = {isa = PBXBuildFile; fileRef = 1E88132D206B1B61006DFB84 /* Main.storyboard */; };
		1E881338206B4306006DFB84 /* ScanQRCodeViewController.swift in Sources */ = {isa = PBXBuildFile; fileRef = 1E881337206B4306006DFB84 /* ScanQRCodeViewController.swift */; };
		1E88133A206C112B006DFB84 /* CustomView.swift in Sources */ = {isa = PBXBuildFile; fileRef = 1E881339206C112B006DFB84 /* CustomView.swift */; };
		1E88133C206C2100006DFB84 /* HelpViewController.swift in Sources */ = {isa = PBXBuildFile; fileRef = 1E88133B206C2100006DFB84 /* HelpViewController.swift */; };
		1E88133E206C2577006DFB84 /* SharedConstants.swift in Sources */ = {isa = PBXBuildFile; fileRef = 1E88133D206C2577006DFB84 /* SharedConstants.swift */; };
		1E881340206C2BD7006DFB84 /* SharedVolatile.swift in Sources */ = {isa = PBXBuildFile; fileRef = 1E88133F206C2BD7006DFB84 /* SharedVolatile.swift */; };
/* End PBXBuildFile section */

/* Begin PBXFileReference section */
		1E881324206B1B60006DFB84 /* qrcoderly.app */ = {isa = PBXFileReference; explicitFileType = wrapper.application; includeInIndex = 0; path = qrcoderly.app; sourceTree = BUILT_PRODUCTS_DIR; };
		1E881327206B1B60006DFB84 /* AppDelegate.swift */ = {isa = PBXFileReference; lastKnownFileType = sourcecode.swift; path = AppDelegate.swift; sourceTree = "<group>"; };
		1E881329206B1B60006DFB84 /* ViewController.swift */ = {isa = PBXFileReference; lastKnownFileType = sourcecode.swift; path = ViewController.swift; sourceTree = "<group>"; };
		1E88132B206B1B61006DFB84 /* Assets.xcassets */ = {isa = PBXFileReference; lastKnownFileType = folder.assetcatalog; path = Assets.xcassets; sourceTree = "<group>"; };
		1E88132E206B1B61006DFB84 /* Base */ = {isa = PBXFileReference; lastKnownFileType = file.storyboard; name = Base; path = Base.lproj/Main.storyboard; sourceTree = "<group>"; };
		1E881330206B1B61006DFB84 /* Info.plist */ = {isa = PBXFileReference; lastKnownFileType = text.plist.xml; path = Info.plist; sourceTree = "<group>"; };
		1E881331206B1B61006DFB84 /* qrcoderly.entitlements */ = {isa = PBXFileReference; lastKnownFileType = text.plist.entitlements; path = qrcoderly.entitlements; sourceTree = "<group>"; };
		1E881337206B4306006DFB84 /* ScanQRCodeViewController.swift */ = {isa = PBXFileReference; lastKnownFileType = sourcecode.swift; path = ScanQRCodeViewController.swift; sourceTree = "<group>"; };
		1E881339206C112B006DFB84 /* CustomView.swift */ = {isa = PBXFileReference; lastKnownFileType = sourcecode.swift; path = CustomView.swift; sourceTree = "<group>"; };
		1E88133B206C2100006DFB84 /* HelpViewController.swift */ = {isa = PBXFileReference; lastKnownFileType = sourcecode.swift; path = HelpViewController.swift; sourceTree = "<group>"; };
		1E88133D206C2577006DFB84 /* SharedConstants.swift */ = {isa = PBXFileReference; lastKnownFileType = sourcecode.swift; path = SharedConstants.swift; sourceTree = "<group>"; };
		1E88133F206C2BD7006DFB84 /* SharedVolatile.swift */ = {isa = PBXFileReference; lastKnownFileType = sourcecode.swift; path = SharedVolatile.swift; sourceTree = "<group>"; };
/* End PBXFileReference section */

/* Begin PBXFrameworksBuildPhase section */
		1E881321206B1B60006DFB84 /* Frameworks */ = {
			isa = PBXFrameworksBuildPhase;
			buildActionMask = 2147483647;
			files = (
			);
			runOnlyForDeploymentPostprocessing = 0;
		};
/* End PBXFrameworksBuildPhase section */

/* Begin PBXGroup section */
		1E88131B206B1B60006DFB84 = {
			isa = PBXGroup;
			children = (
				1E881326206B1B60006DFB84 /* qrcoderly */,
				1E881325206B1B60006DFB84 /* Products */,
			);
			sourceTree = "<group>";
		};
		1E881325206B1B60006DFB84 /* Products */ = {
			isa = PBXGroup;
			children = (
				1E881324206B1B60006DFB84 /* qrcoderly.app */,
			);
			name = Products;
			sourceTree = "<group>";
		};
		1E881326206B1B60006DFB84 /* qrcoderly */ = {
			isa = PBXGroup;
			children = (
				1E881327206B1B60006DFB84 /* AppDelegate.swift */,
				1E881329206B1B60006DFB84 /* ViewController.swift */,
				1E88132B206B1B61006DFB84 /* Assets.xcassets */,
				1E88132D206B1B61006DFB84 /* Main.storyboard */,
				1E881337206B4306006DFB84 /* ScanQRCodeViewController.swift */,
				1E881330206B1B61006DFB84 /* Info.plist */,
				1E881331206B1B61006DFB84 /* qrcoderly.entitlements */,
				1E881339206C112B006DFB84 /* CustomView.swift */,
				1E88133B206C2100006DFB84 /* HelpViewController.swift */,
				1E88133D206C2577006DFB84 /* SharedConstants.swift */,
				1E88133F206C2BD7006DFB84 /* SharedVolatile.swift */,
			);
			path = qrcoderly;
			sourceTree = "<group>";
		};
/* End PBXGroup section */

/* Begin PBXNativeTarget section */
		1E881323206B1B60006DFB84 /* qrcoderly */ = {
			isa = PBXNativeTarget;
			buildConfigurationList = 1E881334206B1B61006DFB84 /* Build configuration list for PBXNativeTarget "qrcoderly" */;
			buildPhases = (
				1E881320206B1B60006DFB84 /* Sources */,
				1E881321206B1B60006DFB84 /* Frameworks */,
				1E881322206B1B60006DFB84 /* Resources */,
			);
			buildRules = (
			);
			dependencies = (
			);
			name = qrcoderly;
			productName = qrcoderly;
			productReference = 1E881324206B1B60006DFB84 /* qrcoderly.app */;
			productType = "com.apple.product-type.application";
		};
/* End PBXNativeTarget section */

/* Begin PBXProject section */
		1E88131C206B1B60006DFB84 /* Project object */ = {
			isa = PBXProject;
			attributes = {
				LastSwiftUpdateCheck = 0930;
				LastUpgradeCheck = 0930;
				ORGANIZATIONNAME = "Wasin Thonkaew";
				TargetAttributes = {
					1E881323206B1B60006DFB84 = {
						CreatedOnToolsVersion = 9.3;
						SystemCapabilities = {
							com.apple.Sandbox = {
								enabled = 1;
							};
						};
					};
				};
			};
			buildConfigurationList = 1E88131F206B1B60006DFB84 /* Build configuration list for PBXProject "qrcoderly" */;
			compatibilityVersion = "Xcode 9.3";
			developmentRegion = en;
			hasScannedForEncodings = 0;
			knownRegions = (
				en,
				Base,
			);
			mainGroup = 1E88131B206B1B60006DFB84;
			productRefGroup = 1E881325206B1B60006DFB84 /* Products */;
			projectDirPath = "";
			projectRoot = "";
			targets = (
				1E881323206B1B60006DFB84 /* qrcoderly */,
			);
		};
/* End PBXProject section */

/* Begin PBXResourcesBuildPhase section */
		1E881322206B1B60006DFB84 /* Resources */ = {
			isa = PBXResourcesBuildPhase;
			buildActionMask = 2147483647;
			files = (
				1E88132C206B1B61006DFB84 /* Assets.xcassets in Resources */,
				1E88132F206B1B61006DFB84 /* Main.storyboard in Resources */,
			);
			runOnlyForDeploymentPostprocessing = 0;
		};
/* End PBXResourcesBuildPhase section */

/* Begin PBXSourcesBuildPhase section */
		1E881320206B1B60006DFB84 /* Sources */ = {
			isa = PBXSourcesBuildPhase;
			buildActionMask = 2147483647;
			files = (
				1E881340206C2BD7006DFB84 /* SharedVolatile.swift in Sources */,
				1E88132A206B1B60006DFB84 /* ViewController.swift in Sources */,
				1E88133A206C112B006DFB84 /* CustomView.swift in Sources */,
				1E881328206B1B60006DFB84 /* AppDelegate.swift in Sources */,
				1E881338206B4306006DFB84 /* ScanQRCodeViewController.swift in Sources */,
				1E88133E206C2577006DFB84 /* SharedConstants.swift in Sources */,
				1E88133C206C2100006DFB84 /* HelpViewController.swift in Sources */,
			);
			runOnlyForDeploymentPostprocessing = 0;
		};
/* End PBXSourcesBuildPhase section */

/* Begin PBXVariantGroup section */
		1E88132D206B1B61006DFB84 /* Main.storyboard */ = {
			isa = PBXVariantGroup;
			children = (
				1E88132E206B1B61006DFB84 /* Base */,
			);
			name = Main.storyboard;
			sourceTree = "<group>";
		};
/* End PBXVariantGroup section */

/* Begin XCBuildConfiguration section */
		1E881332206B1B61006DFB84 /* Debug */ = {
			isa = XCBuildConfiguration;
			buildSettings = {
				ALWAYS_SEARCH_USER_PATHS = NO;
				CLANG_ANALYZER_NONNULL = YES;
				CLANG_ANALYZER_NUMBER_OBJECT_CONVERSION = YES_AGGRESSIVE;
				CLANG_CXX_LANGUAGE_STANDARD = "gnu++14";
				CLANG_CXX_LIBRARY = "libc++";
				CLANG_ENABLE_MODULES = YES;
				CLANG_ENABLE_OBJC_ARC = YES;
				CLANG_ENABLE_OBJC_WEAK = YES;
				CLANG_WARN_BLOCK_CAPTURE_AUTORELEASING = YES;
				CLANG_WARN_BOOL_CONVERSION = YES;
				CLANG_WARN_COMMA = YES;
				CLANG_WARN_CONSTANT_CONVERSION = YES;
				CLANG_WARN_DEPRECATED_OBJC_IMPLEMENTATIONS = YES;
				CLANG_WARN_DIRECT_OBJC_ISA_USAGE = YES_ERROR;
				CLANG_WARN_DOCUMENTATION_COMMENTS = YES;
				CLANG_WARN_EMPTY_BODY = YES;
				CLANG_WARN_ENUM_CONVERSION = YES;
				CLANG_WARN_INFINITE_RECURSION = YES;
				CLANG_WARN_INT_CONVERSION = YES;
				CLANG_WARN_NON_LITERAL_NULL_CONVERSION = YES;
				CLANG_WARN_OBJC_IMPLICIT_RETAIN_SELF = YES;
				CLANG_WARN_OBJC_LITERAL_CONVERSION = YES;
				CLANG_WARN_OBJC_ROOT_CLASS = YES_ERROR;
				CLANG_WARN_RANGE_LOOP_ANALYSIS = YES;
				CLANG_WARN_STRICT_PROTOTYPES = YES;
				CLANG_WARN_SUSPICIOUS_MOVE = YES;
				CLANG_WARN_UNGUARDED_AVAILABILITY = YES_AGGRESSIVE;
				CLANG_WARN_UNREACHABLE_CODE = YES;
				CLANG_WARN__DUPLICATE_METHOD_MATCH = YES;
				CODE_SIGN_IDENTITY = "Mac Developer";
				COPY_PHASE_STRIP = NO;
				DEBUG_INFORMATION_FORMAT = dwarf;
				ENABLE_STRICT_OBJC_MSGSEND = YES;
				ENABLE_TESTABILITY = YES;
				GCC_C_LANGUAGE_STANDARD = gnu11;
				GCC_DYNAMIC_NO_PIC = NO;
				GCC_NO_COMMON_BLOCKS = YES;
				GCC_OPTIMIZATION_LEVEL = 0;
				GCC_PREPROCESSOR_DEFINITIONS = (
					"DEBUG=1",
					"$(inherited)",
				);
				GCC_WARN_64_TO_32_BIT_CONVERSION = YES;
				GCC_WARN_ABOUT_RETURN_TYPE = YES_ERROR;
				GCC_WARN_UNDECLARED_SELECTOR = YES;
				GCC_WARN_UNINITIALIZED_AUTOS = YES_AGGRESSIVE;
				GCC_WARN_UNUSED_FUNCTION = YES;
				GCC_WARN_UNUSED_VARIABLE = YES;
				MACOSX_DEPLOYMENT_TARGET = 10.13;
				MTL_ENABLE_DEBUG_INFO = YES;
				ONLY_ACTIVE_ARCH = YES;
				SDKROOT = macosx;
				SWIFT_ACTIVE_COMPILATION_CONDITIONS = DEBUG;
				SWIFT_OPTIMIZATION_LEVEL = "-Onone";
			};
			name = Debug;
		};
		1E881333206B1B61006DFB84 /* Release */ = {
			isa = XCBuildConfiguration;
			buildSettings = {
				ALWAYS_SEARCH_USER_PATHS = NO;
				CLANG_ANALYZER_NONNULL = YES;
				CLANG_ANALYZER_NUMBER_OBJECT_CONVERSION = YES_AGGRESSIVE;
				CLANG_CXX_LANGUAGE_STANDARD = "gnu++14";
				CLANG_CXX_LIBRARY = "libc++";
				CLANG_ENABLE_MODULES = YES;
				CLANG_ENABLE_OBJC_ARC = YES;
				CLANG_ENABLE_OBJC_WEAK = YES;
				CLANG_WARN_BLOCK_CAPTURE_AUTORELEASING = YES;
				CLANG_WARN_BOOL_CONVERSION = YES;
				CLANG_WARN_COMMA = YES;
				CLANG_WARN_CONSTANT_CONVERSION = YES;
				CLANG_WARN_DEPRECATED_OBJC_IMPLEMENTATIONS = YES;
				CLANG_WARN_DIRECT_OBJC_ISA_USAGE = YES_ERROR;
				CLANG_WARN_DOCUMENTATION_COMMENTS = YES;
				CLANG_WARN_EMPTY_BODY = YES;
				CLANG_WARN_ENUM_CONVERSION = YES;
				CLANG_WARN_INFINITE_RECURSION = YES;
				CLANG_WARN_INT_CONVERSION = YES;
				CLANG_WARN_NON_LITERAL_NULL_CONVERSION = YES;
				CLANG_WARN_OBJC_IMPLICIT_RETAIN_SELF = YES;
				CLANG_WARN_OBJC_LITERAL_CONVERSION = YES;
				CLANG_WARN_OBJC_ROOT_CLASS = YES_ERROR;
				CLANG_WARN_RANGE_LOOP_ANALYSIS = YES;
				CLANG_WARN_STRICT_PROTOTYPES = YES;
				CLANG_WARN_SUSPICIOUS_MOVE = YES;
				CLANG_WARN_UNGUARDED_AVAILABILITY = YES_AGGRESSIVE;
				CLANG_WARN_UNREACHABLE_CODE = YES;
				CLANG_WARN__DUPLICATE_METHOD_MATCH = YES;
				CODE_SIGN_IDENTITY = "Mac Developer";
				COPY_PHASE_STRIP = NO;
				DEBUG_INFORMATION_FORMAT = "dwarf-with-dsym";
				ENABLE_NS_ASSERTIONS = NO;
				ENABLE_STRICT_OBJC_MSGSEND = YES;
				GCC_C_LANGUAGE_STANDARD = gnu11;
				GCC_NO_COMMON_BLOCKS = YES;
				GCC_WARN_64_TO_32_BIT_CONVERSION = YES;
				GCC_WARN_ABOUT_RETURN_TYPE = YES_ERROR;
				GCC_WARN_UNDECLARED_SELECTOR = YES;
				GCC_WARN_UNINITIALIZED_AUTOS = YES_AGGRESSIVE;
				GCC_WARN_UNUSED_FUNCTION = YES;
				GCC_WARN_UNUSED_VARIABLE = YES;
				MACOSX_DEPLOYMENT_TARGET = 10.13;
				MTL_ENABLE_DEBUG_INFO = NO;
				SDKROOT = macosx;
				SWIFT_COMPILATION_MODE = wholemodule;
				SWIFT_OPTIMIZATION_LEVEL = "-O";
			};
			name = Release;
		};
		1E881335206B1B61006DFB84 /* Debug */ = {
			isa = XCBuildConfiguration;
			buildSettings = {
				ASSETCATALOG_COMPILER_APPICON_NAME = AppIcon;
				CODE_SIGN_ENTITLEMENTS = qrcoderly/qrcoderly.entitlements;
				CODE_SIGN_STYLE = Automatic;
				COMBINE_HIDPI_IMAGES = YES;
				DEVELOPMENT_TEAM = XGKHW634KL;
				INFOPLIST_FILE = qrcoderly/Info.plist;
				LD_RUNPATH_SEARCH_PATHS = (
					"$(inherited)",
					"@executable_path/../Frameworks",
				);
				PRODUCT_BUNDLE_IDENTIFIER = co.abzi.qrcoderly;
				PRODUCT_NAME = "$(TARGET_NAME)";
				SWIFT_VERSION = 4.0;
			};
			name = Debug;
		};
		1E881336206B1B61006DFB84 /* Release */ = {
			isa = XCBuildConfiguration;
			buildSettings = {
				ASSETCATALOG_COMPILER_APPICON_NAME = AppIcon;
				CODE_SIGN_ENTITLEMENTS = qrcoderly/qrcoderly.entitlements;
				CODE_SIGN_STYLE = Automatic;
				COMBINE_HIDPI_IMAGES = YES;
				DEVELOPMENT_TEAM = XGKHW634KL;
				INFOPLIST_FILE = qrcoderly/Info.plist;
				LD_RUNPATH_SEARCH_PATHS = (
					"$(inherited)",
					"@executable_path/../Frameworks",
				);
				PRODUCT_BUNDLE_IDENTIFIER = co.abzi.qrcoderly;
				PRODUCT_NAME = "$(TARGET_NAME)";
				SWIFT_VERSION = 4.0;
			};
			name = Release;
		};
/* End XCBuildConfiguration section */

/* Begin XCConfigurationList section */
		1E88131F206B1B60006DFB84 /* Build configuration list for PBXProject "qrcoderly" */ = {
			isa = XCConfigurationList;
			buildConfigurations = (
				1E881332206B1B61006DFB84 /* Debug */,
				1E881333206B1B61006DFB84 /* Release */,
			);
			defaultConfigurationIsVisible = 0;
			defaultConfigurationName = Release;
		};
		1E881334206B1B61006DFB84 /* Build configuration list for PBXNativeTarget "qrcoderly" */ = {
			isa = XCConfigurationList;
			buildConfigurations = (
				1E881335206B1B61006DFB84 /* Debug */,
				1E881336206B1B61006DFB84 /* Release */,
			);
			defaultConfigurationIsVisible = 0;
			defaultConfigurationName = Release;
		};
/* End XCConfigurationList section */
	};
	rootObject = 1E88131C206B1B60006DFB84 /* Project object */;
}
